// !$*UTF8*$!
{
	archiveVersion = 1;
	classes = {
	};
	objectVersion = 46;
	objects = {

/* Begin PBXBuildFile section */
		14775DB9182211B800BFE21B /* Foundation.framework in Frameworks */ = {isa = PBXBuildFile; fileRef = 14775DB8182211B800BFE21B /* Foundation.framework */; };
		14775DBB182211B800BFE21B /* CoreGraphics.framework in Frameworks */ = {isa = PBXBuildFile; fileRef = 14775DBA182211B800BFE21B /* CoreGraphics.framework */; };
		14775DBD182211B800BFE21B /* UIKit.framework in Frameworks */ = {isa = PBXBuildFile; fileRef = 14775DBC182211B800BFE21B /* UIKit.framework */; };
		14775DC3182211B800BFE21B /* InfoPlist.strings in Resources */ = {isa = PBXBuildFile; fileRef = 14775DC1182211B800BFE21B /* InfoPlist.strings */; };
		14775DC5182211B800BFE21B /* main.m in Sources */ = {isa = PBXBuildFile; fileRef = 14775DC4182211B800BFE21B /* main.m */; };
		14775DC9182211B800BFE21B /* AppDelegate.m in Sources */ = {isa = PBXBuildFile; fileRef = 14775DC8182211B800BFE21B /* AppDelegate.m */; };
		14775DCC182211B800BFE21B /* Main.storyboard in Resources */ = {isa = PBXBuildFile; fileRef = 14775DCA182211B800BFE21B /* Main.storyboard */; };
		14775DCF182211B800BFE21B /* ViewController.m in Sources */ = {isa = PBXBuildFile; fileRef = 14775DCE182211B800BFE21B /* ViewController.m */; };
		14775DD1182211B800BFE21B /* Images.xcassets in Resources */ = {isa = PBXBuildFile; fileRef = 14775DD0182211B800BFE21B /* Images.xcassets */; };
		14775DD8182211B800BFE21B /* XCTest.framework in Frameworks */ = {isa = PBXBuildFile; fileRef = 14775DD7182211B800BFE21B /* XCTest.framework */; };
		14775DD9182211B800BFE21B /* Foundation.framework in Frameworks */ = {isa = PBXBuildFile; fileRef = 14775DB8182211B800BFE21B /* Foundation.framework */; };
		14775DDA182211B800BFE21B /* UIKit.framework in Frameworks */ = {isa = PBXBuildFile; fileRef = 14775DBC182211B800BFE21B /* UIKit.framework */; };
		14775DE2182211B800BFE21B /* InfoPlist.strings in Resources */ = {isa = PBXBuildFile; fileRef = 14775DE0182211B800BFE21B /* InfoPlist.strings */; };
		14775DE4182211B800BFE21B /* WebViewExTests.m in Sources */ = {isa = PBXBuildFile; fileRef = 14775DE3182211B800BFE21B /* WebViewExTests.m */; };
		14775DEE182211C600BFE21B /* index.html in Resources */ = {isa = PBXBuildFile; fileRef = 14775DED182211C600BFE21B /* index.html */; };
		14775DF0182211F300BFE21B /* jquery-1.8.0.min.js in Sources */ = {isa = PBXBuildFile; fileRef = 14775DEF182211F300BFE21B /* jquery-1.8.0.min.js */; };
		14775DF11822120500BFE21B /* jquery-1.8.0.min.js in Resources */ = {isa = PBXBuildFile; fileRef = 14775DEF182211F300BFE21B /* jquery-1.8.0.min.js */; };
/* End PBXBuildFile section */

/* Begin PBXContainerItemProxy section */
		14775DDB182211B800BFE21B /* PBXContainerItemProxy */ = {
			isa = PBXContainerItemProxy;
			containerPortal = 14775DAD182211B800BFE21B /* Project object */;
			proxyType = 1;
			remoteGlobalIDString = 14775DB4182211B800BFE21B;
			remoteInfo = WebViewEx;
		};
/* End PBXContainerItemProxy section */

/* Begin PBXFileReference section */
		14775DB5182211B800BFE21B /* WebViewEx.app */ = {isa = PBXFileReference; explicitFileType = wrapper.application; includeInIndex = 0; path = WebViewEx.app; sourceTree = BUILT_PRODUCTS_DIR; };
		14775DB8182211B800BFE21B /* Foundation.framework */ = {isa = PBXFileReference; lastKnownFileType = wrapper.framework; name = Foundation.framework; path = System/Library/Frameworks/Foundation.framework; sourceTree = SDKROOT; };
		14775DBA182211B800BFE21B /* CoreGraphics.framework */ = {isa = PBXFileReference; lastKnownFileType = wrapper.framework; name = CoreGraphics.framework; path = System/Library/Frameworks/CoreGraphics.framework; sourceTree = SDKROOT; };
		14775DBC182211B800BFE21B /* UIKit.framework */ = {isa = PBXFileReference; lastKnownFileType = wrapper.framework; name = UIKit.framework; path = System/Library/Frameworks/UIKit.framework; sourceTree = SDKROOT; };
		14775DC0182211B800BFE21B /* WebViewEx-Info.plist */ = {isa = PBXFileReference; lastKnownFileType = text.plist.xml; path = "WebViewEx-Info.plist"; sourceTree = "<group>"; };
		14775DC2182211B800BFE21B /* en */ = {isa = PBXFileReference; lastKnownFileType = text.plist.strings; name = en; path = en.lproj/InfoPlist.strings; sourceTree = "<group>"; };
		14775DC4182211B800BFE21B /* main.m */ = {isa = PBXFileReference; lastKnownFileType = sourcecode.c.objc; path = main.m; sourceTree = "<group>"; };
		14775DC6182211B800BFE21B /* WebViewEx-Prefix.pch */ = {isa = PBXFileReference; lastKnownFileType = sourcecode.c.h; path = "WebViewEx-Prefix.pch"; sourceTree = "<group>"; };
		14775DC7182211B800BFE21B /* AppDelegate.h */ = {isa = PBXFileReference; lastKnownFileType = sourcecode.c.h; path = AppDelegate.h; sourceTree = "<group>"; };
		14775DC8182211B800BFE21B /* AppDelegate.m */ = {isa = PBXFileReference; lastKnownFileType = sourcecode.c.objc; path = AppDelegate.m; sourceTree = "<group>"; };
		14775DCB182211B800BFE21B /* Base */ = {isa = PBXFileReference; lastKnownFileType = file.storyboard; name = Base; path = Base.lproj/Main.storyboard; sourceTree = "<group>"; };
		14775DCD182211B800BFE21B /* ViewController.h */ = {isa = PBXFileReference; lastKnownFileType = sourcecode.c.h; path = ViewController.h; sourceTree = "<group>"; };
		14775DCE182211B800BFE21B /* ViewController.m */ = {isa = PBXFileReference; lastKnownFileType = sourcecode.c.objc; path = ViewController.m; sourceTree = "<group>"; };
		14775DD0182211B800BFE21B /* Images.xcassets */ = {isa = PBXFileReference; lastKnownFileType = folder.assetcatalog; path = Images.xcassets; sourceTree = "<group>"; };
		14775DD6182211B800BFE21B /* WebViewExTests.xctest */ = {isa = PBXFileReference; explicitFileType = wrapper.cfbundle; includeInIndex = 0; path = WebViewExTests.xctest; sourceTree = BUILT_PRODUCTS_DIR; };
		14775DD7182211B800BFE21B /* XCTest.framework */ = {isa = PBXFileReference; lastKnownFileType = wrapper.framework; name = XCTest.framework; path = Library/Frameworks/XCTest.framework; sourceTree = DEVELOPER_DIR; };
		14775DDF182211B800BFE21B /* WebViewExTests-Info.plist */ = {isa = PBXFileReference; lastKnownFileType = text.plist.xml; path = "WebViewExTests-Info.plist"; sourceTree = "<group>"; };
		14775DE1182211B800BFE21B /* en */ = {isa = PBXFileReference; lastKnownFileType = text.plist.strings; name = en; path = en.lproj/InfoPlist.strings; sourceTree = "<group>"; };
		14775DE3182211B800BFE21B /* WebViewExTests.m */ = {isa = PBXFileReference; lastKnownFileType = sourcecode.c.objc; path = WebViewExTests.m; sourceTree = "<group>"; };
		14775DED182211C600BFE21B /* index.html */ = {isa = PBXFileReference; fileEncoding = 4; lastKnownFileType = text.html; path = index.html; sourceTree = "<group>"; };
		14775DEF182211F300BFE21B /* jquery-1.8.0.min.js */ = {isa = PBXFileReference; fileEncoding = 4; lastKnownFileType = sourcecode.javascript; path = "jquery-1.8.0.min.js"; sourceTree = "<group>"; };
/* End PBXFileReference section */

/* Begin PBXFrameworksBuildPhase section */
		14775DB2182211B800BFE21B /* Frameworks */ = {
			isa = PBXFrameworksBuildPhase;
			buildActionMask = 2147483647;
			files = (
				14775DBB182211B800BFE21B /* CoreGraphics.framework in Frameworks */,
				14775DBD182211B800BFE21B /* UIKit.framework in Frameworks */,
				14775DB9182211B800BFE21B /* Foundation.framework in Frameworks */,
			);
			runOnlyForDeploymentPostprocessing = 0;
		};
		14775DD3182211B800BFE21B /* Frameworks */ = {
			isa = PBXFrameworksBuildPhase;
			buildActionMask = 2147483647;
			files = (
				14775DD8182211B800BFE21B /* XCTest.framework in Frameworks */,
				14775DDA182211B800BFE21B /* UIKit.framework in Frameworks */,
				14775DD9182211B800BFE21B /* Foundation.framework in Frameworks */,
			);
			runOnlyForDeploymentPostprocessing = 0;
		};
/* End PBXFrameworksBuildPhase section */

/* Begin PBXGroup section */
		14775DAC182211B800BFE21B = {
			isa = PBXGroup;
			children = (
				14775DED182211C600BFE21B /* index.html */,
				14775DEF182211F300BFE21B /* jquery-1.8.0.min.js */,
				14775DBE182211B800BFE21B /* WebViewEx */,
				14775DDD182211B800BFE21B /* WebViewExTests */,
				14775DB7182211B800BFE21B /* Frameworks */,
				14775DB6182211B800BFE21B /* Products */,
			);
			sourceTree = "<group>";
		};
		14775DB6182211B800BFE21B /* Products */ = {
			isa = PBXGroup;
			children = (
				14775DB5182211B800BFE21B /* WebViewEx.app */,
				14775DD6182211B800BFE21B /* WebViewExTests.xctest */,
			);
			name = Products;
			sourceTree = "<group>";
		};
		14775DB7182211B800BFE21B /* Frameworks */ = {
			isa = PBXGroup;
			children = (
				14775DB8182211B800BFE21B /* Foundation.framework */,
				14775DBA182211B800BFE21B /* CoreGraphics.framework */,
				14775DBC182211B800BFE21B /* UIKit.framework */,
				14775DD7182211B800BFE21B /* XCTest.framework */,
			);
			name = Frameworks;
			sourceTree = "<group>";
		};
		14775DBE182211B800BFE21B /* WebViewEx */ = {
			isa = PBXGroup;
			children = (
				14775DC7182211B800BFE21B /* AppDelegate.h */,
				14775DC8182211B800BFE21B /* AppDelegate.m */,
				14775DCA182211B800BFE21B /* Main.storyboard */,
				14775DCD182211B800BFE21B /* ViewController.h */,
				14775DCE182211B800BFE21B /* ViewController.m */,
				14775DD0182211B800BFE21B /* Images.xcassets */,
				14775DBF182211B800BFE21B /* Supporting Files */,
			);
			path = WebViewEx;
			sourceTree = "<group>";
		};
		14775DBF182211B800BFE21B /* Supporting Files */ = {
			isa = PBXGroup;
			children = (
				14775DC0182211B800BFE21B /* WebViewEx-Info.plist */,
				14775DC1182211B800BFE21B /* InfoPlist.strings */,
				14775DC4182211B800BFE21B /* main.m */,
				14775DC6182211B800BFE21B /* WebViewEx-Prefix.pch */,
			);
			name = "Supporting Files";
			sourceTree = "<group>";
		};
		14775DDD182211B800BFE21B /* WebViewExTests */ = {
			isa = PBXGroup;
			children = (
				14775DE3182211B800BFE21B /* WebViewExTests.m */,
				14775DDE182211B800BFE21B /* Supporting Files */,
			);
			path = WebViewExTests;
			sourceTree = "<group>";
		};
		14775DDE182211B800BFE21B /* Supporting Files */ = {
			isa = PBXGroup;
			children = (
				14775DDF182211B800BFE21B /* WebViewExTests-Info.plist */,
				14775DE0182211B800BFE21B /* InfoPlist.strings */,
			);
			name = "Supporting Files";
			sourceTree = "<group>";
		};
/* End PBXGroup section */

/* Begin PBXNativeTarget section */
		14775DB4182211B800BFE21B /* WebViewEx */ = {
			isa = PBXNativeTarget;
			buildConfigurationList = 14775DE7182211B800BFE21B /* Build configuration list for PBXNativeTarget "WebViewEx" */;
			buildPhases = (
				14775DB1182211B800BFE21B /* Sources */,
				14775DB2182211B800BFE21B /* Frameworks */,
				14775DB3182211B800BFE21B /* Resources */,
			);
			buildRules = (
			);
			dependencies = (
			);
			name = WebViewEx;
			productName = WebViewEx;
			productReference = 14775DB5182211B800BFE21B /* WebViewEx.app */;
			productType = "com.apple.product-type.application";
		};
		14775DD5182211B800BFE21B /* WebViewExTests */ = {
			isa = PBXNativeTarget;
			buildConfigurationList = 14775DEA182211B800BFE21B /* Build configuration list for PBXNativeTarget "WebViewExTests" */;
			buildPhases = (
				14775DD2182211B800BFE21B /* Sources */,
				14775DD3182211B800BFE21B /* Frameworks */,
				14775DD4182211B800BFE21B /* Resources */,
			);
			buildRules = (
			);
			dependencies = (
				14775DDC182211B800BFE21B /* PBXTargetDependency */,
			);
			name = WebViewExTests;
			productName = WebViewExTests;
			productReference = 14775DD6182211B800BFE21B /* WebViewExTests.xctest */;
			productType = "com.apple.product-type.bundle.unit-test";
		};
/* End PBXNativeTarget section */

/* Begin PBXProject section */
		14775DAD182211B800BFE21B /* Project object */ = {
			isa = PBXProject;
			attributes = {
				LastUpgradeCheck = 0500;
				ORGANIZATIONNAME = "Sean Lee";
				TargetAttributes = {
					14775DD5182211B800BFE21B = {
						TestTargetID = 14775DB4182211B800BFE21B;
					};
				};
			};
			buildConfigurationList = 14775DB0182211B800BFE21B /* Build configuration list for PBXProject "WebViewEx" */;
			compatibilityVersion = "Xcode 3.2";
			developmentRegion = English;
			hasScannedForEncodings = 0;
			knownRegions = (
				en,
				Base,
			);
			mainGroup = 14775DAC182211B800BFE21B;
			productRefGroup = 14775DB6182211B800BFE21B /* Products */;
			projectDirPath = "";
			projectRoot = "";
			targets = (
				14775DB4182211B800BFE21B /* WebViewEx */,
				14775DD5182211B800BFE21B /* WebViewExTests */,
			);
		};
/* End PBXProject section */

/* Begin PBXResourcesBuildPhase section */
		14775DB3182211B800BFE21B /* Resources */ = {
			isa = PBXResourcesBuildPhase;
			buildActionMask = 2147483647;
			files = (
				14775DF11822120500BFE21B /* jquery-1.8.0.min.js in Resources */,
				14775DD1182211B800BFE21B /* Images.xcassets in Resources */,
				14775DEE182211C600BFE21B /* index.html in Resources */,
				14775DC3182211B800BFE21B /* InfoPlist.strings in Resources */,
				14775DCC182211B800BFE21B /* Main.storyboard in Resources */,
			);
			runOnlyForDeploymentPostprocessing = 0;
		};
		14775DD4182211B800BFE21B /* Resources */ = {
			isa = PBXResourcesBuildPhase;
			buildActionMask = 2147483647;
			files = (
				14775DE2182211B800BFE21B /* InfoPlist.strings in Resources */,
			);
			runOnlyForDeploymentPostprocessing = 0;
		};
/* End PBXResourcesBuildPhase section */

/* Begin PBXSourcesBuildPhase section */
		14775DB1182211B800BFE21B /* Sources */ = {
			isa = PBXSourcesBuildPhase;
			buildActionMask = 2147483647;
			files = (
				14775DCF182211B800BFE21B /* ViewController.m in Sources */,
				14775DC9182211B800BFE21B /* AppDelegate.m in Sources */,
				14775DF0182211F300BFE21B /* jquery-1.8.0.min.js in Sources */,
				14775DC5182211B800BFE21B /* main.m in Sources */,
			);
			runOnlyForDeploymentPostprocessing = 0;
		};
		14775DD2182211B800BFE21B /* Sources */ = {
			isa = PBXSourcesBuildPhase;
			buildActionMask = 2147483647;
			files = (
				14775DE4182211B800BFE21B /* WebViewExTests.m in Sources */,
			);
			runOnlyForDeploymentPostprocessing = 0;
		};
/* End PBXSourcesBuildPhase section */

/* Begin PBXTargetDependency section */
		14775DDC182211B800BFE21B /* PBXTargetDependency */ = {
			isa = PBXTargetDependency;
			target = 14775DB4182211B800BFE21B /* WebViewEx */;
			targetProxy = 14775DDB182211B800BFE21B /* PBXContainerItemProxy */;
		};
/* End PBXTargetDependency section */

/* Begin PBXVariantGroup section */
		14775DC1182211B800BFE21B /* InfoPlist.strings */ = {
			isa = PBXVariantGroup;
			children = (
				14775DC2182211B800BFE21B /* en */,
			);
			name = InfoPlist.strings;
			sourceTree = "<group>";
		};
		14775DCA182211B800BFE21B /* Main.storyboard */ = {
			isa = PBXVariantGroup;
			children = (
				14775DCB182211B800BFE21B /* Base */,
			);
			name = Main.storyboard;
			sourceTree = "<group>";
		};
		14775DE0182211B800BFE21B /* InfoPlist.strings */ = {
			isa = PBXVariantGroup;
			children = (
				14775DE1182211B800BFE21B /* en */,
			);
			name = InfoPlist.strings;
			sourceTree = "<group>";
		};
/* End PBXVariantGroup section */

/* Begin XCBuildConfiguration section */
		14775DE5182211B800BFE21B /* Debug */ = {
			isa = XCBuildConfiguration;
			buildSettings = {
				ALWAYS_SEARCH_USER_PATHS = NO;
				ARCHS = "$(ARCHS_STANDARD_INCLUDING_64_BIT)";
				CLANG_CXX_LANGUAGE_STANDARD = "gnu++0x";
				CLANG_CXX_LIBRARY = "libc++";
				CLANG_ENABLE_MODULES = YES;
				CLANG_ENABLE_OBJC_ARC = YES;
				CLANG_WARN_BOOL_CONVERSION = YES;
				CLANG_WARN_CONSTANT_CONVERSION = YES;
				CLANG_WARN_DIRECT_OBJC_ISA_USAGE = YES_ERROR;
				CLANG_WARN_EMPTY_BODY = YES;
				CLANG_WARN_ENUM_CONVERSION = YES;
				CLANG_WARN_INT_CONVERSION = YES;
				CLANG_WARN_OBJC_ROOT_CLASS = YES_ERROR;
				CLANG_WARN__DUPLICATE_METHOD_MATCH = YES;
				"CODE_SIGN_IDENTITY[sdk=iphoneos*]" = "iPhone Developer";
				COPY_PHASE_STRIP = NO;
				GCC_C_LANGUAGE_STANDARD = gnu99;
				GCC_DYNAMIC_NO_PIC = NO;
				GCC_OPTIMIZATION_LEVEL = 0;
				GCC_PREPROCESSOR_DEFINITIONS = (
					"DEBUG=1",
					"$(inherited)",
				);
				GCC_SYMBOLS_PRIVATE_EXTERN = NO;
				GCC_WARN_64_TO_32_BIT_CONVERSION = YES;
				GCC_WARN_ABOUT_RETURN_TYPE = YES_ERROR;
				GCC_WARN_UNDECLARED_SELECTOR = YES;
				GCC_WARN_UNINITIALIZED_AUTOS = YES;
				GCC_WARN_UNUSED_FUNCTION = YES;
				GCC_WARN_UNUSED_VARIABLE = YES;
				IPHONEOS_DEPLOYMENT_TARGET = 7.0;
				ONLY_ACTIVE_ARCH = YES;
				SDKROOT = iphoneos;
			};
			name = Debug;
		};
		14775DE6182211B800BFE21B /* Release */ = {
			isa = XCBuildConfiguration;
			buildSettings = {
				ALWAYS_SEARCH_USER_PATHS = NO;
				ARCHS = "$(ARCHS_STANDARD_INCLUDING_64_BIT)";
				CLANG_CXX_LANGUAGE_STANDARD = "gnu++0x";
				CLANG_CXX_LIBRARY = "libc++";
				CLANG_ENABLE_MODULES = YES;
				CLANG_ENABLE_OBJC_ARC = YES;
				CLANG_WARN_BOOL_CONVERSION = YES;
				CLANG_WARN_CONSTANT_CONVERSION = YES;
				CLANG_WARN_DIRECT_OBJC_ISA_USAGE = YES_ERROR;
				CLANG_WARN_EMPTY_BODY = YES;
				CLANG_WARN_ENUM_CONVERSION = YES;
				CLANG_WARN_INT_CONVERSION = YES;
				CLANG_WARN_OBJC_ROOT_CLASS = YES_ERROR;
				CLANG_WARN__DUPLICATE_METHOD_MATCH = YES;
				"CODE_SIGN_IDENTITY[sdk=iphoneos*]" = "iPhone Developer";
				COPY_PHASE_STRIP = YES;
				ENABLE_NS_ASSERTIONS = NO;
				GCC_C_LANGUAGE_STANDARD = gnu99;
				GCC_WARN_64_TO_32_BIT_CONVERSION = YES;
				GCC_WARN_ABOUT_RETURN_TYPE = YES_ERROR;
				GCC_WARN_UNDECLARED_SELECTOR = YES;
				GCC_WARN_UNINITIALIZED_AUTOS = YES;
				GCC_WARN_UNUSED_FUNCTION = YES;
				GCC_WARN_UNUSED_VARIABLE = YES;
				IPHONEOS_DEPLOYMENT_TARGET = 7.0;
				SDKROOT = iphoneos;
				VALIDATE_PRODUCT = YES;
			};
			name = Release;
		};
		14775DE8182211B800BFE21B /* Debug */ = {
			isa = XCBuildConfiguration;
			buildSettings = {
				ASSETCATALOG_COMPILER_APPICON_NAME = AppIcon;
				ASSETCATALOG_COMPILER_LAUNCHIMAGE_NAME = LaunchImage;
				GCC_PRECOMPILE_PREFIX_HEADER = YES;
				GCC_PREFIX_HEADER = "WebViewEx/WebViewEx-Prefix.pch";
				INFOPLIST_FILE = "WebViewEx/WebViewEx-Info.plist";
				PRODUCT_NAME = "$(TARGET_NAME)";
				WRAPPER_EXTENSION = app;
			};
			name = Debug;
		};
		14775DE9182211B800BFE21B /* Release */ = {
			isa = XCBuildConfiguration;
			buildSettings = {
				ASSETCATALOG_COMPILER_APPICON_NAME = AppIcon;
				ASSETCATALOG_COMPILER_LAUNCHIMAGE_NAME = LaunchImage;
				GCC_PRECOMPILE_PREFIX_HEADER = YES;
				GCC_PREFIX_HEADER = "WebViewEx/WebViewEx-Prefix.pch";
				INFOPLIST_FILE = "WebViewEx/WebViewEx-Info.plist";
				PRODUCT_NAME = "$(TARGET_NAME)";
				WRAPPER_EXTENSION = app;
			};
			name = Release;
		};
		14775DEB182211B800BFE21B /* Debug */ = {
			isa = XCBuildConfiguration;
			buildSettings = {
				ARCHS = "$(ARCHS_STANDARD_INCLUDING_64_BIT)";
				BUNDLE_LOADER = "$(BUILT_PRODUCTS_DIR)/WebViewEx.app/WebViewEx";
				FRAMEWORK_SEARCH_PATHS = (
					"$(SDKROOT)/Developer/Library/Frameworks",
					"$(inherited)",
					"$(DEVELOPER_FRAMEWORKS_DIR)",
				);
				GCC_PRECOMPILE_PREFIX_HEADER = YES;
				GCC_PREFIX_HEADER = "WebViewEx/WebViewEx-Prefix.pch";
				GCC_PREPROCESSOR_DEFINITIONS = (
					"DEBUG=1",
					"$(inherited)",
				);
				INFOPLIST_FILE = "WebViewExTests/WebViewExTests-Info.plist";
				PRODUCT_NAME = "$(TARGET_NAME)";
				TEST_HOST = "$(BUNDLE_LOADER)";
				WRAPPER_EXTENSION = xctest;
			};
			name = Debug;
		};
		14775DEC182211B800BFE21B /* Release */ = {
			isa = XCBuildConfiguration;
			buildSettings = {
				ARCHS = "$(ARCHS_STANDARD_INCLUDING_64_BIT)";
				BUNDLE_LOADER = "$(BUILT_PRODUCTS_DIR)/WebViewEx.app/WebViewEx";
				FRAMEWORK_SEARCH_PATHS = (
					"$(SDKROOT)/Developer/Library/Frameworks",
					"$(inherited)",
					"$(DEVELOPER_FRAMEWORKS_DIR)",
				);
				GCC_PRECOMPILE_PREFIX_HEADER = YES;
				GCC_PREFIX_HEADER = "WebViewEx/WebViewEx-Prefix.pch";
				INFOPLIST_FILE = "WebViewExTests/WebViewExTests-Info.plist";
				PRODUCT_NAME = "$(TARGET_NAME)";
				TEST_HOST = "$(BUNDLE_LOADER)";
				WRAPPER_EXTENSION = xctest;
			};
			name = Release;
		};
/* End XCBuildConfiguration section */

/* Begin XCConfigurationList section */
		14775DB0182211B800BFE21B /* Build configuration list for PBXProject "WebViewEx" */ = {
			isa = XCConfigurationList;
			buildConfigurations = (
				14775DE5182211B800BFE21B /* Debug */,
				14775DE6182211B800BFE21B /* Release */,
			);
			defaultConfigurationIsVisible = 0;
			defaultConfigurationName = Release;
		};
		14775DE7182211B800BFE21B /* Build configuration list for PBXNativeTarget "WebViewEx" */ = {
			isa = XCConfigurationList;
			buildConfigurations = (
				14775DE8182211B800BFE21B /* Debug */,
				14775DE9182211B800BFE21B /* Release */,
			);
			defaultConfigurationIsVisible = 0;
		};
		14775DEA182211B800BFE21B /* Build configuration list for PBXNativeTarget "WebViewExTests" */ = {
			isa = XCConfigurationList;
			buildConfigurations = (
				14775DEB182211B800BFE21B /* Debug */,
				14775DEC182211B800BFE21B /* Release */,
			);
			defaultConfigurationIsVisible = 0;
		};
/* End XCConfigurationList section */
	};
	rootObject = 14775DAD182211B800BFE21B /* Project object */;
}
