// !$*UTF8*$!
{
	archiveVersion = 1;
	classes = {
	};
	objectVersion = 46;
	objects = {

/* Begin PBXBuildFile section */
		14775E4418286D4700BFE21B /* Foundation.framework in Frameworks */ = {isa = PBXBuildFile; fileRef = 14775E4318286D4700BFE21B /* Foundation.framework */; };
		14775E4618286D4700BFE21B /* CoreGraphics.framework in Frameworks */ = {isa = PBXBuildFile; fileRef = 14775E4518286D4700BFE21B /* CoreGraphics.framework */; };
		14775E4818286D4700BFE21B /* UIKit.framework in Frameworks */ = {isa = PBXBuildFile; fileRef = 14775E4718286D4700BFE21B /* UIKit.framework */; };
		14775E4E18286D4700BFE21B /* InfoPlist.strings in Resources */ = {isa = PBXBuildFile; fileRef = 14775E4C18286D4700BFE21B /* InfoPlist.strings */; };
		14775E5018286D4700BFE21B /* main.m in Sources */ = {isa = PBXBuildFile; fileRef = 14775E4F18286D4700BFE21B /* main.m */; };
		14775E5418286D4700BFE21B /* AppDelegate.m in Sources */ = {isa = PBXBuildFile; fileRef = 14775E5318286D4700BFE21B /* AppDelegate.m */; };
		14775E5718286D4700BFE21B /* Main.storyboard in Resources */ = {isa = PBXBuildFile; fileRef = 14775E5518286D4700BFE21B /* Main.storyboard */; };
		14775E5A18286D4700BFE21B /* ViewController.m in Sources */ = {isa = PBXBuildFile; fileRef = 14775E5918286D4700BFE21B /* ViewController.m */; };
		14775E5C18286D4700BFE21B /* Images.xcassets in Resources */ = {isa = PBXBuildFile; fileRef = 14775E5B18286D4700BFE21B /* Images.xcassets */; };
		14775E6318286D4700BFE21B /* XCTest.framework in Frameworks */ = {isa = PBXBuildFile; fileRef = 14775E6218286D4700BFE21B /* XCTest.framework */; };
		14775E6418286D4700BFE21B /* Foundation.framework in Frameworks */ = {isa = PBXBuildFile; fileRef = 14775E4318286D4700BFE21B /* Foundation.framework */; };
		14775E6518286D4700BFE21B /* UIKit.framework in Frameworks */ = {isa = PBXBuildFile; fileRef = 14775E4718286D4700BFE21B /* UIKit.framework */; };
		14775E6D18286D4700BFE21B /* InfoPlist.strings in Resources */ = {isa = PBXBuildFile; fileRef = 14775E6B18286D4700BFE21B /* InfoPlist.strings */; };
		14775E6F18286D4700BFE21B /* MyLoginTests.m in Sources */ = {isa = PBXBuildFile; fileRef = 14775E6E18286D4700BFE21B /* MyLoginTests.m */; };
/* End PBXBuildFile section */

/* Begin PBXContainerItemProxy section */
		14775E6618286D4700BFE21B /* PBXContainerItemProxy */ = {
			isa = PBXContainerItemProxy;
			containerPortal = 14775E3818286D4700BFE21B /* Project object */;
			proxyType = 1;
			remoteGlobalIDString = 14775E3F18286D4700BFE21B;
			remoteInfo = MyLogin;
		};
/* End PBXContainerItemProxy section */

/* Begin PBXFileReference section */
		14775E4018286D4700BFE21B /* MyLogin.app */ = {isa = PBXFileReference; explicitFileType = wrapper.application; includeInIndex = 0; path = MyLogin.app; sourceTree = BUILT_PRODUCTS_DIR; };
		14775E4318286D4700BFE21B /* Foundation.framework */ = {isa = PBXFileReference; lastKnownFileType = wrapper.framework; name = Foundation.framework; path = System/Library/Frameworks/Foundation.framework; sourceTree = SDKROOT; };
		14775E4518286D4700BFE21B /* CoreGraphics.framework */ = {isa = PBXFileReference; lastKnownFileType = wrapper.framework; name = CoreGraphics.framework; path = System/Library/Frameworks/CoreGraphics.framework; sourceTree = SDKROOT; };
		14775E4718286D4700BFE21B /* UIKit.framework */ = {isa = PBXFileReference; lastKnownFileType = wrapper.framework; name = UIKit.framework; path = System/Library/Frameworks/UIKit.framework; sourceTree = SDKROOT; };
		14775E4B18286D4700BFE21B /* MyLogin-Info.plist */ = {isa = PBXFileReference; lastKnownFileType = text.plist.xml; path = "MyLogin-Info.plist"; sourceTree = "<group>"; };
		14775E4D18286D4700BFE21B /* en */ = {isa = PBXFileReference; lastKnownFileType = text.plist.strings; name = en; path = en.lproj/InfoPlist.strings; sourceTree = "<group>"; };
		14775E4F18286D4700BFE21B /* main.m */ = {isa = PBXFileReference; lastKnownFileType = sourcecode.c.objc; path = main.m; sourceTree = "<group>"; };
		14775E5118286D4700BFE21B /* MyLogin-Prefix.pch */ = {isa = PBXFileReference; lastKnownFileType = sourcecode.c.h; path = "MyLogin-Prefix.pch"; sourceTree = "<group>"; };
		14775E5218286D4700BFE21B /* AppDelegate.h */ = {isa = PBXFileReference; lastKnownFileType = sourcecode.c.h; path = AppDelegate.h; sourceTree = "<group>"; };
		14775E5318286D4700BFE21B /* AppDelegate.m */ = {isa = PBXFileReference; lastKnownFileType = sourcecode.c.objc; path = AppDelegate.m; sourceTree = "<group>"; };
		14775E5618286D4700BFE21B /* Base */ = {isa = PBXFileReference; lastKnownFileType = file.storyboard; name = Base; path = Base.lproj/Main.storyboard; sourceTree = "<group>"; };
		14775E5818286D4700BFE21B /* ViewController.h */ = {isa = PBXFileReference; lastKnownFileType = sourcecode.c.h; path = ViewController.h; sourceTree = "<group>"; };
		14775E5918286D4700BFE21B /* ViewController.m */ = {isa = PBXFileReference; lastKnownFileType = sourcecode.c.objc; path = ViewController.m; sourceTree = "<group>"; };
		14775E5B18286D4700BFE21B /* Images.xcassets */ = {isa = PBXFileReference; lastKnownFileType = folder.assetcatalog; path = Images.xcassets; sourceTree = "<group>"; };
		14775E6118286D4700BFE21B /* MyLoginTests.xctest */ = {isa = PBXFileReference; explicitFileType = wrapper.cfbundle; includeInIndex = 0; path = MyLoginTests.xctest; sourceTree = BUILT_PRODUCTS_DIR; };
		14775E6218286D4700BFE21B /* XCTest.framework */ = {isa = PBXFileReference; lastKnownFileType = wrapper.framework; name = XCTest.framework; path = Library/Frameworks/XCTest.framework; sourceTree = DEVELOPER_DIR; };
		14775E6A18286D4700BFE21B /* MyLoginTests-Info.plist */ = {isa = PBXFileReference; lastKnownFileType = text.plist.xml; path = "MyLoginTests-Info.plist"; sourceTree = "<group>"; };
		14775E6C18286D4700BFE21B /* en */ = {isa = PBXFileReference; lastKnownFileType = text.plist.strings; name = en; path = en.lproj/InfoPlist.strings; sourceTree = "<group>"; };
		14775E6E18286D4700BFE21B /* MyLoginTests.m */ = {isa = PBXFileReference; lastKnownFileType = sourcecode.c.objc; path = MyLoginTests.m; sourceTree = "<group>"; };
/* End PBXFileReference section */

/* Begin PBXFrameworksBuildPhase section */
		14775E3D18286D4700BFE21B /* Frameworks */ = {
			isa = PBXFrameworksBuildPhase;
			buildActionMask = 2147483647;
			files = (
				14775E4618286D4700BFE21B /* CoreGraphics.framework in Frameworks */,
				14775E4818286D4700BFE21B /* UIKit.framework in Frameworks */,
				14775E4418286D4700BFE21B /* Foundation.framework in Frameworks */,
			);
			runOnlyForDeploymentPostprocessing = 0;
		};
		14775E5E18286D4700BFE21B /* Frameworks */ = {
			isa = PBXFrameworksBuildPhase;
			buildActionMask = 2147483647;
			files = (
				14775E6318286D4700BFE21B /* XCTest.framework in Frameworks */,
				14775E6518286D4700BFE21B /* UIKit.framework in Frameworks */,
				14775E6418286D4700BFE21B /* Foundation.framework in Frameworks */,
			);
			runOnlyForDeploymentPostprocessing = 0;
		};
/* End PBXFrameworksBuildPhase section */

/* Begin PBXGroup section */
		14775E3718286D4700BFE21B = {
			isa = PBXGroup;
			children = (
				14775E4918286D4700BFE21B /* MyLogin */,
				14775E6818286D4700BFE21B /* MyLoginTests */,
				14775E4218286D4700BFE21B /* Frameworks */,
				14775E4118286D4700BFE21B /* Products */,
			);
			sourceTree = "<group>";
		};
		14775E4118286D4700BFE21B /* Products */ = {
			isa = PBXGroup;
			children = (
				14775E4018286D4700BFE21B /* MyLogin.app */,
				14775E6118286D4700BFE21B /* MyLoginTests.xctest */,
			);
			name = Products;
			sourceTree = "<group>";
		};
		14775E4218286D4700BFE21B /* Frameworks */ = {
			isa = PBXGroup;
			children = (
				14775E4318286D4700BFE21B /* Foundation.framework */,
				14775E4518286D4700BFE21B /* CoreGraphics.framework */,
				14775E4718286D4700BFE21B /* UIKit.framework */,
				14775E6218286D4700BFE21B /* XCTest.framework */,
			);
			name = Frameworks;
			sourceTree = "<group>";
		};
		14775E4918286D4700BFE21B /* MyLogin */ = {
			isa = PBXGroup;
			children = (
				14775E5218286D4700BFE21B /* AppDelegate.h */,
				14775E5318286D4700BFE21B /* AppDelegate.m */,
				14775E5518286D4700BFE21B /* Main.storyboard */,
				14775E5818286D4700BFE21B /* ViewController.h */,
				14775E5918286D4700BFE21B /* ViewController.m */,
				14775E5B18286D4700BFE21B /* Images.xcassets */,
				14775E4A18286D4700BFE21B /* Supporting Files */,
			);
			path = MyLogin;
			sourceTree = "<group>";
		};
		14775E4A18286D4700BFE21B /* Supporting Files */ = {
			isa = PBXGroup;
			children = (
				14775E4B18286D4700BFE21B /* MyLogin-Info.plist */,
				14775E4C18286D4700BFE21B /* InfoPlist.strings */,
				14775E4F18286D4700BFE21B /* main.m */,
				14775E5118286D4700BFE21B /* MyLogin-Prefix.pch */,
			);
			name = "Supporting Files";
			sourceTree = "<group>";
		};
		14775E6818286D4700BFE21B /* MyLoginTests */ = {
			isa = PBXGroup;
			children = (
				14775E6E18286D4700BFE21B /* MyLoginTests.m */,
				14775E6918286D4700BFE21B /* Supporting Files */,
			);
			path = MyLoginTests;
			sourceTree = "<group>";
		};
		14775E6918286D4700BFE21B /* Supporting Files */ = {
			isa = PBXGroup;
			children = (
				14775E6A18286D4700BFE21B /* MyLoginTests-Info.plist */,
				14775E6B18286D4700BFE21B /* InfoPlist.strings */,
			);
			name = "Supporting Files";
			sourceTree = "<group>";
		};
/* End PBXGroup section */

/* Begin PBXNativeTarget section */
		14775E3F18286D4700BFE21B /* MyLogin */ = {
			isa = PBXNativeTarget;
			buildConfigurationList = 14775E7218286D4700BFE21B /* Build configuration list for PBXNativeTarget "MyLogin" */;
			buildPhases = (
				14775E3C18286D4700BFE21B /* Sources */,
				14775E3D18286D4700BFE21B /* Frameworks */,
				14775E3E18286D4700BFE21B /* Resources */,
			);
			buildRules = (
			);
			dependencies = (
			);
			name = MyLogin;
			productName = MyLogin;
			productReference = 14775E4018286D4700BFE21B /* MyLogin.app */;
			productType = "com.apple.product-type.application";
		};
		14775E6018286D4700BFE21B /* MyLoginTests */ = {
			isa = PBXNativeTarget;
			buildConfigurationList = 14775E7518286D4700BFE21B /* Build configuration list for PBXNativeTarget "MyLoginTests" */;
			buildPhases = (
				14775E5D18286D4700BFE21B /* Sources */,
				14775E5E18286D4700BFE21B /* Frameworks */,
				14775E5F18286D4700BFE21B /* Resources */,
			);
			buildRules = (
			);
			dependencies = (
				14775E6718286D4700BFE21B /* PBXTargetDependency */,
			);
			name = MyLoginTests;
			productName = MyLoginTests;
			productReference = 14775E6118286D4700BFE21B /* MyLoginTests.xctest */;
			productType = "com.apple.product-type.bundle.unit-test";
		};
/* End PBXNativeTarget section */

/* Begin PBXProject section */
		14775E3818286D4700BFE21B /* Project object */ = {
			isa = PBXProject;
			attributes = {
				LastUpgradeCheck = 0500;
				ORGANIZATIONNAME = "Sean Lee";
				TargetAttributes = {
					14775E6018286D4700BFE21B = {
						TestTargetID = 14775E3F18286D4700BFE21B;
					};
				};
			};
			buildConfigurationList = 14775E3B18286D4700BFE21B /* Build configuration list for PBXProject "MyLogin" */;
			compatibilityVersion = "Xcode 3.2";
			developmentRegion = English;
			hasScannedForEncodings = 0;
			knownRegions = (
				en,
				Base,
			);
			mainGroup = 14775E3718286D4700BFE21B;
			productRefGroup = 14775E4118286D4700BFE21B /* Products */;
			projectDirPath = "";
			projectRoot = "";
			targets = (
				14775E3F18286D4700BFE21B /* MyLogin */,
				14775E6018286D4700BFE21B /* MyLoginTests */,
			);
		};
/* End PBXProject section */

/* Begin PBXResourcesBuildPhase section */
		14775E3E18286D4700BFE21B /* Resources */ = {
			isa = PBXResourcesBuildPhase;
			buildActionMask = 2147483647;
			files = (
				14775E5C18286D4700BFE21B /* Images.xcassets in Resources */,
				14775E4E18286D4700BFE21B /* InfoPlist.strings in Resources */,
				14775E5718286D4700BFE21B /* Main.storyboard in Resources */,
			);
			runOnlyForDeploymentPostprocessing = 0;
		};
		14775E5F18286D4700BFE21B /* Resources */ = {
			isa = PBXResourcesBuildPhase;
			buildActionMask = 2147483647;
			files = (
				14775E6D18286D4700BFE21B /* InfoPlist.strings in Resources */,
			);
			runOnlyForDeploymentPostprocessing = 0;
		};
/* End PBXResourcesBuildPhase section */

/* Begin PBXSourcesBuildPhase section */
		14775E3C18286D4700BFE21B /* Sources */ = {
			isa = PBXSourcesBuildPhase;
			buildActionMask = 2147483647;
			files = (
				14775E5A18286D4700BFE21B /* ViewController.m in Sources */,
				14775E5418286D4700BFE21B /* AppDelegate.m in Sources */,
				14775E5018286D4700BFE21B /* main.m in Sources */,
			);
			runOnlyForDeploymentPostprocessing = 0;
		};
		14775E5D18286D4700BFE21B /* Sources */ = {
			isa = PBXSourcesBuildPhase;
			buildActionMask = 2147483647;
			files = (
				14775E6F18286D4700BFE21B /* MyLoginTests.m in Sources */,
			);
			runOnlyForDeploymentPostprocessing = 0;
		};
/* End PBXSourcesBuildPhase section */

/* Begin PBXTargetDependency section */
		14775E6718286D4700BFE21B /* PBXTargetDependency */ = {
			isa = PBXTargetDependency;
			target = 14775E3F18286D4700BFE21B /* MyLogin */;
			targetProxy = 14775E6618286D4700BFE21B /* PBXContainerItemProxy */;
		};
/* End PBXTargetDependency section */

/* Begin PBXVariantGroup section */
		14775E4C18286D4700BFE21B /* InfoPlist.strings */ = {
			isa = PBXVariantGroup;
			children = (
				14775E4D18286D4700BFE21B /* en */,
			);
			name = InfoPlist.strings;
			sourceTree = "<group>";
		};
		14775E5518286D4700BFE21B /* Main.storyboard */ = {
			isa = PBXVariantGroup;
			children = (
				14775E5618286D4700BFE21B /* Base */,
			);
			name = Main.storyboard;
			sourceTree = "<group>";
		};
		14775E6B18286D4700BFE21B /* InfoPlist.strings */ = {
			isa = PBXVariantGroup;
			children = (
				14775E6C18286D4700BFE21B /* en */,
			);
			name = InfoPlist.strings;
			sourceTree = "<group>";
		};
/* End PBXVariantGroup section */

/* Begin XCBuildConfiguration section */
		14775E7018286D4700BFE21B /* Debug */ = {
			isa = XCBuildConfiguration;
			buildSettings = {
				ALWAYS_SEARCH_USER_PATHS = NO;
				ARCHS = "$(ARCHS_STANDARD_INCLUDING_64_BIT)";
				CLANG_CXX_LANGUAGE_STANDARD = "gnu++0x";
				CLANG_CXX_LIBRARY = "libc++";
				CLANG_ENABLE_MODULES = YES;
				CLANG_ENABLE_OBJC_ARC = YES;
				CLANG_WARN_BOOL_CONVERSION = YES;
				CLANG_WARN_CONSTANT_CONVERSION = YES;
				CLANG_WARN_DIRECT_OBJC_ISA_USAGE = YES_ERROR;
				CLANG_WARN_EMPTY_BODY = YES;
				CLANG_WARN_ENUM_CONVERSION = YES;
				CLANG_WARN_INT_CONVERSION = YES;
				CLANG_WARN_OBJC_ROOT_CLASS = YES_ERROR;
				CLANG_WARN__DUPLICATE_METHOD_MATCH = YES;
				"CODE_SIGN_IDENTITY[sdk=iphoneos*]" = "iPhone Developer";
				COPY_PHASE_STRIP = NO;
				GCC_C_LANGUAGE_STANDARD = gnu99;
				GCC_DYNAMIC_NO_PIC = NO;
				GCC_OPTIMIZATION_LEVEL = 0;
				GCC_PREPROCESSOR_DEFINITIONS = (
					"DEBUG=1",
					"$(inherited)",
				);
				GCC_SYMBOLS_PRIVATE_EXTERN = NO;
				GCC_WARN_64_TO_32_BIT_CONVERSION = YES;
				GCC_WARN_ABOUT_RETURN_TYPE = YES_ERROR;
				GCC_WARN_UNDECLARED_SELECTOR = YES;
				GCC_WARN_UNINITIALIZED_AUTOS = YES;
				GCC_WARN_UNUSED_FUNCTION = YES;
				GCC_WARN_UNUSED_VARIABLE = YES;
				IPHONEOS_DEPLOYMENT_TARGET = 7.0;
				ONLY_ACTIVE_ARCH = YES;
				SDKROOT = iphoneos;
			};
			name = Debug;
		};
		14775E7118286D4700BFE21B /* Release */ = {
			isa = XCBuildConfiguration;
			buildSettings = {
				ALWAYS_SEARCH_USER_PATHS = NO;
				ARCHS = "$(ARCHS_STANDARD_INCLUDING_64_BIT)";
				CLANG_CXX_LANGUAGE_STANDARD = "gnu++0x";
				CLANG_CXX_LIBRARY = "libc++";
				CLANG_ENABLE_MODULES = YES;
				CLANG_ENABLE_OBJC_ARC = YES;
				CLANG_WARN_BOOL_CONVERSION = YES;
				CLANG_WARN_CONSTANT_CONVERSION = YES;
				CLANG_WARN_DIRECT_OBJC_ISA_USAGE = YES_ERROR;
				CLANG_WARN_EMPTY_BODY = YES;
				CLANG_WARN_ENUM_CONVERSION = YES;
				CLANG_WARN_INT_CONVERSION = YES;
				CLANG_WARN_OBJC_ROOT_CLASS = YES_ERROR;
				CLANG_WARN__DUPLICATE_METHOD_MATCH = YES;
				"CODE_SIGN_IDENTITY[sdk=iphoneos*]" = "iPhone Developer";
				COPY_PHASE_STRIP = YES;
				ENABLE_NS_ASSERTIONS = NO;
				GCC_C_LANGUAGE_STANDARD = gnu99;
				GCC_WARN_64_TO_32_BIT_CONVERSION = YES;
				GCC_WARN_ABOUT_RETURN_TYPE = YES_ERROR;
				GCC_WARN_UNDECLARED_SELECTOR = YES;
				GCC_WARN_UNINITIALIZED_AUTOS = YES;
				GCC_WARN_UNUSED_FUNCTION = YES;
				GCC_WARN_UNUSED_VARIABLE = YES;
				IPHONEOS_DEPLOYMENT_TARGET = 7.0;
				SDKROOT = iphoneos;
				VALIDATE_PRODUCT = YES;
			};
			name = Release;
		};
		14775E7318286D4700BFE21B /* Debug */ = {
			isa = XCBuildConfiguration;
			buildSettings = {
				ASSETCATALOG_COMPILER_APPICON_NAME = AppIcon;
				ASSETCATALOG_COMPILER_LAUNCHIMAGE_NAME = LaunchImage;
				GCC_PRECOMPILE_PREFIX_HEADER = YES;
				GCC_PREFIX_HEADER = "MyLogin/MyLogin-Prefix.pch";
				INFOPLIST_FILE = "MyLogin/MyLogin-Info.plist";
				PRODUCT_NAME = "$(TARGET_NAME)";
				WRAPPER_EXTENSION = app;
			};
			name = Debug;
		};
		14775E7418286D4700BFE21B /* Release */ = {
			isa = XCBuildConfiguration;
			buildSettings = {
				ASSETCATALOG_COMPILER_APPICON_NAME = AppIcon;
				ASSETCATALOG_COMPILER_LAUNCHIMAGE_NAME = LaunchImage;
				GCC_PRECOMPILE_PREFIX_HEADER = YES;
				GCC_PREFIX_HEADER = "MyLogin/MyLogin-Prefix.pch";
				INFOPLIST_FILE = "MyLogin/MyLogin-Info.plist";
				PRODUCT_NAME = "$(TARGET_NAME)";
				WRAPPER_EXTENSION = app;
			};
			name = Release;
		};
		14775E7618286D4700BFE21B /* Debug */ = {
			isa = XCBuildConfiguration;
			buildSettings = {
				ARCHS = "$(ARCHS_STANDARD_INCLUDING_64_BIT)";
				BUNDLE_LOADER = "$(BUILT_PRODUCTS_DIR)/MyLogin.app/MyLogin";
				FRAMEWORK_SEARCH_PATHS = (
					"$(SDKROOT)/Developer/Library/Frameworks",
					"$(inherited)",
					"$(DEVELOPER_FRAMEWORKS_DIR)",
				);
				GCC_PRECOMPILE_PREFIX_HEADER = YES;
				GCC_PREFIX_HEADER = "MyLogin/MyLogin-Prefix.pch";
				GCC_PREPROCESSOR_DEFINITIONS = (
					"DEBUG=1",
					"$(inherited)",
				);
				INFOPLIST_FILE = "MyLoginTests/MyLoginTests-Info.plist";
				PRODUCT_NAME = "$(TARGET_NAME)";
				TEST_HOST = "$(BUNDLE_LOADER)";
				WRAPPER_EXTENSION = xctest;
			};
			name = Debug;
		};
		14775E7718286D4700BFE21B /* Release */ = {
			isa = XCBuildConfiguration;
			buildSettings = {
				ARCHS = "$(ARCHS_STANDARD_INCLUDING_64_BIT)";
				BUNDLE_LOADER = "$(BUILT_PRODUCTS_DIR)/MyLogin.app/MyLogin";
				FRAMEWORK_SEARCH_PATHS = (
					"$(SDKROOT)/Developer/Library/Frameworks",
					"$(inherited)",
					"$(DEVELOPER_FRAMEWORKS_DIR)",
				);
				GCC_PRECOMPILE_PREFIX_HEADER = YES;
				GCC_PREFIX_HEADER = "MyLogin/MyLogin-Prefix.pch";
				INFOPLIST_FILE = "MyLoginTests/MyLoginTests-Info.plist";
				PRODUCT_NAME = "$(TARGET_NAME)";
				TEST_HOST = "$(BUNDLE_LOADER)";
				WRAPPER_EXTENSION = xctest;
			};
			name = Release;
		};
/* End XCBuildConfiguration section */

/* Begin XCConfigurationList section */
		14775E3B18286D4700BFE21B /* Build configuration list for PBXProject "MyLogin" */ = {
			isa = XCConfigurationList;
			buildConfigurations = (
				14775E7018286D4700BFE21B /* Debug */,
				14775E7118286D4700BFE21B /* Release */,
			);
			defaultConfigurationIsVisible = 0;
			defaultConfigurationName = Release;
		};
		14775E7218286D4700BFE21B /* Build configuration list for PBXNativeTarget "MyLogin" */ = {
			isa = XCConfigurationList;
			buildConfigurations = (
				14775E7318286D4700BFE21B /* Debug */,
				14775E7418286D4700BFE21B /* Release */,
			);
			defaultConfigurationIsVisible = 0;
		};
		14775E7518286D4700BFE21B /* Build configuration list for PBXNativeTarget "MyLoginTests" */ = {
			isa = XCConfigurationList;
			buildConfigurations = (
				14775E7618286D4700BFE21B /* Debug */,
				14775E7718286D4700BFE21B /* Release */,
			);
			defaultConfigurationIsVisible = 0;
		};
/* End XCConfigurationList section */
	};
	rootObject = 14775E3818286D4700BFE21B /* Project object */;
}
