// !$*UTF8*$!
{
	archiveVersion = 1;
	classes = {
	};
	objectVersion = 46;
	objects = {

/* Begin PBXBuildFile section */
		14775FD71829A7DA00BFE21B /* Foundation.framework in Frameworks */ = {isa = PBXBuildFile; fileRef = 14775FD61829A7DA00BFE21B /* Foundation.framework */; };
		14775FD91829A7DA00BFE21B /* CoreGraphics.framework in Frameworks */ = {isa = PBXBuildFile; fileRef = 14775FD81829A7DA00BFE21B /* CoreGraphics.framework */; };
		14775FDB1829A7DA00BFE21B /* UIKit.framework in Frameworks */ = {isa = PBXBuildFile; fileRef = 14775FDA1829A7DA00BFE21B /* UIKit.framework */; };
		14775FE11829A7DA00BFE21B /* InfoPlist.strings in Resources */ = {isa = PBXBuildFile; fileRef = 14775FDF1829A7DA00BFE21B /* InfoPlist.strings */; };
		14775FE31829A7DA00BFE21B /* main.m in Sources */ = {isa = PBXBuildFile; fileRef = 14775FE21829A7DA00BFE21B /* main.m */; };
		14775FE71829A7DA00BFE21B /* AppDelegate.m in Sources */ = {isa = PBXBuildFile; fileRef = 14775FE61829A7DA00BFE21B /* AppDelegate.m */; };
		14775FEA1829A7DA00BFE21B /* Main.storyboard in Resources */ = {isa = PBXBuildFile; fileRef = 14775FE81829A7DA00BFE21B /* Main.storyboard */; };
		14775FED1829A7DA00BFE21B /* ViewController.m in Sources */ = {isa = PBXBuildFile; fileRef = 14775FEC1829A7DA00BFE21B /* ViewController.m */; };
		14775FEF1829A7DA00BFE21B /* Images.xcassets in Resources */ = {isa = PBXBuildFile; fileRef = 14775FEE1829A7DA00BFE21B /* Images.xcassets */; };
		14775FF61829A7DA00BFE21B /* XCTest.framework in Frameworks */ = {isa = PBXBuildFile; fileRef = 14775FF51829A7DA00BFE21B /* XCTest.framework */; };
		14775FF71829A7DA00BFE21B /* Foundation.framework in Frameworks */ = {isa = PBXBuildFile; fileRef = 14775FD61829A7DA00BFE21B /* Foundation.framework */; };
		14775FF81829A7DA00BFE21B /* UIKit.framework in Frameworks */ = {isa = PBXBuildFile; fileRef = 14775FDA1829A7DA00BFE21B /* UIKit.framework */; };
		147760001829A7DA00BFE21B /* InfoPlist.strings in Resources */ = {isa = PBXBuildFile; fileRef = 14775FFE1829A7DA00BFE21B /* InfoPlist.strings */; };
		147760021829A7DA00BFE21B /* UIProject2Tests.m in Sources */ = {isa = PBXBuildFile; fileRef = 147760011829A7DA00BFE21B /* UIProject2Tests.m */; };
		1477600C1829A87C00BFE21B /* image.png in Resources */ = {isa = PBXBuildFile; fileRef = 1477600B1829A87C00BFE21B /* image.png */; };
		1477600F1829AA0300BFE21B /* ViewController2.m in Sources */ = {isa = PBXBuildFile; fileRef = 1477600E1829AA0300BFE21B /* ViewController2.m */; };
		147760121829AA0B00BFE21B /* ViewController3.m in Sources */ = {isa = PBXBuildFile; fileRef = 147760111829AA0B00BFE21B /* ViewController3.m */; };
/* End PBXBuildFile section */

/* Begin PBXContainerItemProxy section */
		14775FF91829A7DA00BFE21B /* PBXContainerItemProxy */ = {
			isa = PBXContainerItemProxy;
			containerPortal = 14775FCB1829A7DA00BFE21B /* Project object */;
			proxyType = 1;
			remoteGlobalIDString = 14775FD21829A7DA00BFE21B;
			remoteInfo = UIProject2;
		};
/* End PBXContainerItemProxy section */

/* Begin PBXFileReference section */
		14775FD31829A7DA00BFE21B /* UIProject2.app */ = {isa = PBXFileReference; explicitFileType = wrapper.application; includeInIndex = 0; path = UIProject2.app; sourceTree = BUILT_PRODUCTS_DIR; };
		14775FD61829A7DA00BFE21B /* Foundation.framework */ = {isa = PBXFileReference; lastKnownFileType = wrapper.framework; name = Foundation.framework; path = System/Library/Frameworks/Foundation.framework; sourceTree = SDKROOT; };
		14775FD81829A7DA00BFE21B /* CoreGraphics.framework */ = {isa = PBXFileReference; lastKnownFileType = wrapper.framework; name = CoreGraphics.framework; path = System/Library/Frameworks/CoreGraphics.framework; sourceTree = SDKROOT; };
		14775FDA1829A7DA00BFE21B /* UIKit.framework */ = {isa = PBXFileReference; lastKnownFileType = wrapper.framework; name = UIKit.framework; path = System/Library/Frameworks/UIKit.framework; sourceTree = SDKROOT; };
		14775FDE1829A7DA00BFE21B /* UIProject2-Info.plist */ = {isa = PBXFileReference; lastKnownFileType = text.plist.xml; path = "UIProject2-Info.plist"; sourceTree = "<group>"; };
		14775FE01829A7DA00BFE21B /* en */ = {isa = PBXFileReference; lastKnownFileType = text.plist.strings; name = en; path = en.lproj/InfoPlist.strings; sourceTree = "<group>"; };
		14775FE21829A7DA00BFE21B /* main.m */ = {isa = PBXFileReference; lastKnownFileType = sourcecode.c.objc; path = main.m; sourceTree = "<group>"; };
		14775FE41829A7DA00BFE21B /* UIProject2-Prefix.pch */ = {isa = PBXFileReference; lastKnownFileType = sourcecode.c.h; path = "UIProject2-Prefix.pch"; sourceTree = "<group>"; };
		14775FE51829A7DA00BFE21B /* AppDelegate.h */ = {isa = PBXFileReference; lastKnownFileType = sourcecode.c.h; path = AppDelegate.h; sourceTree = "<group>"; };
		14775FE61829A7DA00BFE21B /* AppDelegate.m */ = {isa = PBXFileReference; lastKnownFileType = sourcecode.c.objc; path = AppDelegate.m; sourceTree = "<group>"; };
		14775FE91829A7DA00BFE21B /* Base */ = {isa = PBXFileReference; lastKnownFileType = file.storyboard; name = Base; path = Base.lproj/Main.storyboard; sourceTree = "<group>"; };
		14775FEB1829A7DA00BFE21B /* ViewController.h */ = {isa = PBXFileReference; lastKnownFileType = sourcecode.c.h; path = ViewController.h; sourceTree = "<group>"; };
		14775FEC1829A7DA00BFE21B /* ViewController.m */ = {isa = PBXFileReference; lastKnownFileType = sourcecode.c.objc; path = ViewController.m; sourceTree = "<group>"; };
		14775FEE1829A7DA00BFE21B /* Images.xcassets */ = {isa = PBXFileReference; lastKnownFileType = folder.assetcatalog; path = Images.xcassets; sourceTree = "<group>"; };
		14775FF41829A7DA00BFE21B /* UIProject2Tests.xctest */ = {isa = PBXFileReference; explicitFileType = wrapper.cfbundle; includeInIndex = 0; path = UIProject2Tests.xctest; sourceTree = BUILT_PRODUCTS_DIR; };
		14775FF51829A7DA00BFE21B /* XCTest.framework */ = {isa = PBXFileReference; lastKnownFileType = wrapper.framework; name = XCTest.framework; path = Library/Frameworks/XCTest.framework; sourceTree = DEVELOPER_DIR; };
		14775FFD1829A7DA00BFE21B /* UIProject2Tests-Info.plist */ = {isa = PBXFileReference; lastKnownFileType = text.plist.xml; path = "UIProject2Tests-Info.plist"; sourceTree = "<group>"; };
		14775FFF1829A7DA00BFE21B /* en */ = {isa = PBXFileReference; lastKnownFileType = text.plist.strings; name = en; path = en.lproj/InfoPlist.strings; sourceTree = "<group>"; };
		147760011829A7DA00BFE21B /* UIProject2Tests.m */ = {isa = PBXFileReference; lastKnownFileType = sourcecode.c.objc; path = UIProject2Tests.m; sourceTree = "<group>"; };
		1477600B1829A87C00BFE21B /* image.png */ = {isa = PBXFileReference; lastKnownFileType = image.png; path = image.png; sourceTree = "<group>"; };
		1477600D1829AA0300BFE21B /* ViewController2.h */ = {isa = PBXFileReference; fileEncoding = 4; lastKnownFileType = sourcecode.c.h; path = ViewController2.h; sourceTree = "<group>"; };
		1477600E1829AA0300BFE21B /* ViewController2.m */ = {isa = PBXFileReference; fileEncoding = 4; lastKnownFileType = sourcecode.c.objc; path = ViewController2.m; sourceTree = "<group>"; };
		147760101829AA0B00BFE21B /* ViewController3.h */ = {isa = PBXFileReference; fileEncoding = 4; lastKnownFileType = sourcecode.c.h; path = ViewController3.h; sourceTree = "<group>"; };
		147760111829AA0B00BFE21B /* ViewController3.m */ = {isa = PBXFileReference; fileEncoding = 4; lastKnownFileType = sourcecode.c.objc; path = ViewController3.m; sourceTree = "<group>"; };
/* End PBXFileReference section */

/* Begin PBXFrameworksBuildPhase section */
		14775FD01829A7DA00BFE21B /* Frameworks */ = {
			isa = PBXFrameworksBuildPhase;
			buildActionMask = 2147483647;
			files = (
				14775FD91829A7DA00BFE21B /* CoreGraphics.framework in Frameworks */,
				14775FDB1829A7DA00BFE21B /* UIKit.framework in Frameworks */,
				14775FD71829A7DA00BFE21B /* Foundation.framework in Frameworks */,
			);
			runOnlyForDeploymentPostprocessing = 0;
		};
		14775FF11829A7DA00BFE21B /* Frameworks */ = {
			isa = PBXFrameworksBuildPhase;
			buildActionMask = 2147483647;
			files = (
				14775FF61829A7DA00BFE21B /* XCTest.framework in Frameworks */,
				14775FF81829A7DA00BFE21B /* UIKit.framework in Frameworks */,
				14775FF71829A7DA00BFE21B /* Foundation.framework in Frameworks */,
			);
			runOnlyForDeploymentPostprocessing = 0;
		};
/* End PBXFrameworksBuildPhase section */

/* Begin PBXGroup section */
		14775FCA1829A7DA00BFE21B = {
			isa = PBXGroup;
			children = (
				14775FDC1829A7DA00BFE21B /* UIProject2 */,
				14775FFB1829A7DA00BFE21B /* UIProject2Tests */,
				14775FD51829A7DA00BFE21B /* Frameworks */,
				14775FD41829A7DA00BFE21B /* Products */,
			);
			sourceTree = "<group>";
		};
		14775FD41829A7DA00BFE21B /* Products */ = {
			isa = PBXGroup;
			children = (
				14775FD31829A7DA00BFE21B /* UIProject2.app */,
				14775FF41829A7DA00BFE21B /* UIProject2Tests.xctest */,
			);
			name = Products;
			sourceTree = "<group>";
		};
		14775FD51829A7DA00BFE21B /* Frameworks */ = {
			isa = PBXGroup;
			children = (
				14775FD61829A7DA00BFE21B /* Foundation.framework */,
				14775FD81829A7DA00BFE21B /* CoreGraphics.framework */,
				14775FDA1829A7DA00BFE21B /* UIKit.framework */,
				14775FF51829A7DA00BFE21B /* XCTest.framework */,
			);
			name = Frameworks;
			sourceTree = "<group>";
		};
		14775FDC1829A7DA00BFE21B /* UIProject2 */ = {
			isa = PBXGroup;
			children = (
				14775FE51829A7DA00BFE21B /* AppDelegate.h */,
				14775FE61829A7DA00BFE21B /* AppDelegate.m */,
				14775FE81829A7DA00BFE21B /* Main.storyboard */,
				14775FEB1829A7DA00BFE21B /* ViewController.h */,
				14775FEC1829A7DA00BFE21B /* ViewController.m */,
				14775FEE1829A7DA00BFE21B /* Images.xcassets */,
				1477600B1829A87C00BFE21B /* image.png */,
				14775FDD1829A7DA00BFE21B /* Supporting Files */,
				1477600D1829AA0300BFE21B /* ViewController2.h */,
				1477600E1829AA0300BFE21B /* ViewController2.m */,
				147760101829AA0B00BFE21B /* ViewController3.h */,
				147760111829AA0B00BFE21B /* ViewController3.m */,
			);
			path = UIProject2;
			sourceTree = "<group>";
		};
		14775FDD1829A7DA00BFE21B /* Supporting Files */ = {
			isa = PBXGroup;
			children = (
				14775FDE1829A7DA00BFE21B /* UIProject2-Info.plist */,
				14775FDF1829A7DA00BFE21B /* InfoPlist.strings */,
				14775FE21829A7DA00BFE21B /* main.m */,
				14775FE41829A7DA00BFE21B /* UIProject2-Prefix.pch */,
			);
			name = "Supporting Files";
			sourceTree = "<group>";
		};
		14775FFB1829A7DA00BFE21B /* UIProject2Tests */ = {
			isa = PBXGroup;
			children = (
				147760011829A7DA00BFE21B /* UIProject2Tests.m */,
				14775FFC1829A7DA00BFE21B /* Supporting Files */,
			);
			path = UIProject2Tests;
			sourceTree = "<group>";
		};
		14775FFC1829A7DA00BFE21B /* Supporting Files */ = {
			isa = PBXGroup;
			children = (
				14775FFD1829A7DA00BFE21B /* UIProject2Tests-Info.plist */,
				14775FFE1829A7DA00BFE21B /* InfoPlist.strings */,
			);
			name = "Supporting Files";
			sourceTree = "<group>";
		};
/* End PBXGroup section */

/* Begin PBXNativeTarget section */
		14775FD21829A7DA00BFE21B /* UIProject2 */ = {
			isa = PBXNativeTarget;
			buildConfigurationList = 147760051829A7DA00BFE21B /* Build configuration list for PBXNativeTarget "UIProject2" */;
			buildPhases = (
				14775FCF1829A7DA00BFE21B /* Sources */,
				14775FD01829A7DA00BFE21B /* Frameworks */,
				14775FD11829A7DA00BFE21B /* Resources */,
			);
			buildRules = (
			);
			dependencies = (
			);
			name = UIProject2;
			productName = UIProject2;
			productReference = 14775FD31829A7DA00BFE21B /* UIProject2.app */;
			productType = "com.apple.product-type.application";
		};
		14775FF31829A7DA00BFE21B /* UIProject2Tests */ = {
			isa = PBXNativeTarget;
			buildConfigurationList = 147760081829A7DA00BFE21B /* Build configuration list for PBXNativeTarget "UIProject2Tests" */;
			buildPhases = (
				14775FF01829A7DA00BFE21B /* Sources */,
				14775FF11829A7DA00BFE21B /* Frameworks */,
				14775FF21829A7DA00BFE21B /* Resources */,
			);
			buildRules = (
			);
			dependencies = (
				14775FFA1829A7DA00BFE21B /* PBXTargetDependency */,
			);
			name = UIProject2Tests;
			productName = UIProject2Tests;
			productReference = 14775FF41829A7DA00BFE21B /* UIProject2Tests.xctest */;
			productType = "com.apple.product-type.bundle.unit-test";
		};
/* End PBXNativeTarget section */

/* Begin PBXProject section */
		14775FCB1829A7DA00BFE21B /* Project object */ = {
			isa = PBXProject;
			attributes = {
				LastUpgradeCheck = 0500;
				ORGANIZATIONNAME = "Sean Lee";
				TargetAttributes = {
					14775FF31829A7DA00BFE21B = {
						TestTargetID = 14775FD21829A7DA00BFE21B;
					};
				};
			};
			buildConfigurationList = 14775FCE1829A7DA00BFE21B /* Build configuration list for PBXProject "UIProject2" */;
			compatibilityVersion = "Xcode 3.2";
			developmentRegion = English;
			hasScannedForEncodings = 0;
			knownRegions = (
				en,
				Base,
			);
			mainGroup = 14775FCA1829A7DA00BFE21B;
			productRefGroup = 14775FD41829A7DA00BFE21B /* Products */;
			projectDirPath = "";
			projectRoot = "";
			targets = (
				14775FD21829A7DA00BFE21B /* UIProject2 */,
				14775FF31829A7DA00BFE21B /* UIProject2Tests */,
			);
		};
/* End PBXProject section */

/* Begin PBXResourcesBuildPhase section */
		14775FD11829A7DA00BFE21B /* Resources */ = {
			isa = PBXResourcesBuildPhase;
			buildActionMask = 2147483647;
			files = (
				14775FEF1829A7DA00BFE21B /* Images.xcassets in Resources */,
				14775FE11829A7DA00BFE21B /* InfoPlist.strings in Resources */,
				14775FEA1829A7DA00BFE21B /* Main.storyboard in Resources */,
				1477600C1829A87C00BFE21B /* image.png in Resources */,
			);
			runOnlyForDeploymentPostprocessing = 0;
		};
		14775FF21829A7DA00BFE21B /* Resources */ = {
			isa = PBXResourcesBuildPhase;
			buildActionMask = 2147483647;
			files = (
				147760001829A7DA00BFE21B /* InfoPlist.strings in Resources */,
			);
			runOnlyForDeploymentPostprocessing = 0;
		};
/* End PBXResourcesBuildPhase section */

/* Begin PBXSourcesBuildPhase section */
		14775FCF1829A7DA00BFE21B /* Sources */ = {
			isa = PBXSourcesBuildPhase;
			buildActionMask = 2147483647;
			files = (
				14775FED1829A7DA00BFE21B /* ViewController.m in Sources */,
				1477600F1829AA0300BFE21B /* ViewController2.m in Sources */,
				14775FE71829A7DA00BFE21B /* AppDelegate.m in Sources */,
				14775FE31829A7DA00BFE21B /* main.m in Sources */,
				147760121829AA0B00BFE21B /* ViewController3.m in Sources */,
			);
			runOnlyForDeploymentPostprocessing = 0;
		};
		14775FF01829A7DA00BFE21B /* Sources */ = {
			isa = PBXSourcesBuildPhase;
			buildActionMask = 2147483647;
			files = (
				147760021829A7DA00BFE21B /* UIProject2Tests.m in Sources */,
			);
			runOnlyForDeploymentPostprocessing = 0;
		};
/* End PBXSourcesBuildPhase section */

/* Begin PBXTargetDependency section */
		14775FFA1829A7DA00BFE21B /* PBXTargetDependency */ = {
			isa = PBXTargetDependency;
			target = 14775FD21829A7DA00BFE21B /* UIProject2 */;
			targetProxy = 14775FF91829A7DA00BFE21B /* PBXContainerItemProxy */;
		};
/* End PBXTargetDependency section */

/* Begin PBXVariantGroup section */
		14775FDF1829A7DA00BFE21B /* InfoPlist.strings */ = {
			isa = PBXVariantGroup;
			children = (
				14775FE01829A7DA00BFE21B /* en */,
			);
			name = InfoPlist.strings;
			sourceTree = "<group>";
		};
		14775FE81829A7DA00BFE21B /* Main.storyboard */ = {
			isa = PBXVariantGroup;
			children = (
				14775FE91829A7DA00BFE21B /* Base */,
			);
			name = Main.storyboard;
			sourceTree = "<group>";
		};
		14775FFE1829A7DA00BFE21B /* InfoPlist.strings */ = {
			isa = PBXVariantGroup;
			children = (
				14775FFF1829A7DA00BFE21B /* en */,
			);
			name = InfoPlist.strings;
			sourceTree = "<group>";
		};
/* End PBXVariantGroup section */

/* Begin XCBuildConfiguration section */
		147760031829A7DA00BFE21B /* Debug */ = {
			isa = XCBuildConfiguration;
			buildSettings = {
				ALWAYS_SEARCH_USER_PATHS = NO;
				ARCHS = "$(ARCHS_STANDARD_INCLUDING_64_BIT)";
				CLANG_CXX_LANGUAGE_STANDARD = "gnu++0x";
				CLANG_CXX_LIBRARY = "libc++";
				CLANG_ENABLE_MODULES = YES;
				CLANG_ENABLE_OBJC_ARC = YES;
				CLANG_WARN_BOOL_CONVERSION = YES;
				CLANG_WARN_CONSTANT_CONVERSION = YES;
				CLANG_WARN_DIRECT_OBJC_ISA_USAGE = YES_ERROR;
				CLANG_WARN_EMPTY_BODY = YES;
				CLANG_WARN_ENUM_CONVERSION = YES;
				CLANG_WARN_INT_CONVERSION = YES;
				CLANG_WARN_OBJC_ROOT_CLASS = YES_ERROR;
				CLANG_WARN__DUPLICATE_METHOD_MATCH = YES;
				"CODE_SIGN_IDENTITY[sdk=iphoneos*]" = "iPhone Developer";
				COPY_PHASE_STRIP = NO;
				GCC_C_LANGUAGE_STANDARD = gnu99;
				GCC_DYNAMIC_NO_PIC = NO;
				GCC_OPTIMIZATION_LEVEL = 0;
				GCC_PREPROCESSOR_DEFINITIONS = (
					"DEBUG=1",
					"$(inherited)",
				);
				GCC_SYMBOLS_PRIVATE_EXTERN = NO;
				GCC_WARN_64_TO_32_BIT_CONVERSION = YES;
				GCC_WARN_ABOUT_RETURN_TYPE = YES_ERROR;
				GCC_WARN_UNDECLARED_SELECTOR = YES;
				GCC_WARN_UNINITIALIZED_AUTOS = YES;
				GCC_WARN_UNUSED_FUNCTION = YES;
				GCC_WARN_UNUSED_VARIABLE = YES;
				IPHONEOS_DEPLOYMENT_TARGET = 7.0;
				ONLY_ACTIVE_ARCH = YES;
				SDKROOT = iphoneos;
			};
			name = Debug;
		};
		147760041829A7DA00BFE21B /* Release */ = {
			isa = XCBuildConfiguration;
			buildSettings = {
				ALWAYS_SEARCH_USER_PATHS = NO;
				ARCHS = "$(ARCHS_STANDARD_INCLUDING_64_BIT)";
				CLANG_CXX_LANGUAGE_STANDARD = "gnu++0x";
				CLANG_CXX_LIBRARY = "libc++";
				CLANG_ENABLE_MODULES = YES;
				CLANG_ENABLE_OBJC_ARC = YES;
				CLANG_WARN_BOOL_CONVERSION = YES;
				CLANG_WARN_CONSTANT_CONVERSION = YES;
				CLANG_WARN_DIRECT_OBJC_ISA_USAGE = YES_ERROR;
				CLANG_WARN_EMPTY_BODY = YES;
				CLANG_WARN_ENUM_CONVERSION = YES;
				CLANG_WARN_INT_CONVERSION = YES;
				CLANG_WARN_OBJC_ROOT_CLASS = YES_ERROR;
				CLANG_WARN__DUPLICATE_METHOD_MATCH = YES;
				"CODE_SIGN_IDENTITY[sdk=iphoneos*]" = "iPhone Developer";
				COPY_PHASE_STRIP = YES;
				ENABLE_NS_ASSERTIONS = NO;
				GCC_C_LANGUAGE_STANDARD = gnu99;
				GCC_WARN_64_TO_32_BIT_CONVERSION = YES;
				GCC_WARN_ABOUT_RETURN_TYPE = YES_ERROR;
				GCC_WARN_UNDECLARED_SELECTOR = YES;
				GCC_WARN_UNINITIALIZED_AUTOS = YES;
				GCC_WARN_UNUSED_FUNCTION = YES;
				GCC_WARN_UNUSED_VARIABLE = YES;
				IPHONEOS_DEPLOYMENT_TARGET = 7.0;
				SDKROOT = iphoneos;
				VALIDATE_PRODUCT = YES;
			};
			name = Release;
		};
		147760061829A7DA00BFE21B /* Debug */ = {
			isa = XCBuildConfiguration;
			buildSettings = {
				ASSETCATALOG_COMPILER_APPICON_NAME = AppIcon;
				ASSETCATALOG_COMPILER_LAUNCHIMAGE_NAME = LaunchImage;
				GCC_PRECOMPILE_PREFIX_HEADER = YES;
				GCC_PREFIX_HEADER = "UIProject2/UIProject2-Prefix.pch";
				INFOPLIST_FILE = "UIProject2/UIProject2-Info.plist";
				PRODUCT_NAME = "$(TARGET_NAME)";
				WRAPPER_EXTENSION = app;
			};
			name = Debug;
		};
		147760071829A7DA00BFE21B /* Release */ = {
			isa = XCBuildConfiguration;
			buildSettings = {
				ASSETCATALOG_COMPILER_APPICON_NAME = AppIcon;
				ASSETCATALOG_COMPILER_LAUNCHIMAGE_NAME = LaunchImage;
				GCC_PRECOMPILE_PREFIX_HEADER = YES;
				GCC_PREFIX_HEADER = "UIProject2/UIProject2-Prefix.pch";
				INFOPLIST_FILE = "UIProject2/UIProject2-Info.plist";
				PRODUCT_NAME = "$(TARGET_NAME)";
				WRAPPER_EXTENSION = app;
			};
			name = Release;
		};
		147760091829A7DA00BFE21B /* Debug */ = {
			isa = XCBuildConfiguration;
			buildSettings = {
				ARCHS = "$(ARCHS_STANDARD_INCLUDING_64_BIT)";
				BUNDLE_LOADER = "$(BUILT_PRODUCTS_DIR)/UIProject2.app/UIProject2";
				FRAMEWORK_SEARCH_PATHS = (
					"$(SDKROOT)/Developer/Library/Frameworks",
					"$(inherited)",
					"$(DEVELOPER_FRAMEWORKS_DIR)",
				);
				GCC_PRECOMPILE_PREFIX_HEADER = YES;
				GCC_PREFIX_HEADER = "UIProject2/UIProject2-Prefix.pch";
				GCC_PREPROCESSOR_DEFINITIONS = (
					"DEBUG=1",
					"$(inherited)",
				);
				INFOPLIST_FILE = "UIProject2Tests/UIProject2Tests-Info.plist";
				PRODUCT_NAME = "$(TARGET_NAME)";
				TEST_HOST = "$(BUNDLE_LOADER)";
				WRAPPER_EXTENSION = xctest;
			};
			name = Debug;
		};
		1477600A1829A7DA00BFE21B /* Release */ = {
			isa = XCBuildConfiguration;
			buildSettings = {
				ARCHS = "$(ARCHS_STANDARD_INCLUDING_64_BIT)";
				BUNDLE_LOADER = "$(BUILT_PRODUCTS_DIR)/UIProject2.app/UIProject2";
				FRAMEWORK_SEARCH_PATHS = (
					"$(SDKROOT)/Developer/Library/Frameworks",
					"$(inherited)",
					"$(DEVELOPER_FRAMEWORKS_DIR)",
				);
				GCC_PRECOMPILE_PREFIX_HEADER = YES;
				GCC_PREFIX_HEADER = "UIProject2/UIProject2-Prefix.pch";
				INFOPLIST_FILE = "UIProject2Tests/UIProject2Tests-Info.plist";
				PRODUCT_NAME = "$(TARGET_NAME)";
				TEST_HOST = "$(BUNDLE_LOADER)";
				WRAPPER_EXTENSION = xctest;
			};
			name = Release;
		};
/* End XCBuildConfiguration section */

/* Begin XCConfigurationList section */
		14775FCE1829A7DA00BFE21B /* Build configuration list for PBXProject "UIProject2" */ = {
			isa = XCConfigurationList;
			buildConfigurations = (
				147760031829A7DA00BFE21B /* Debug */,
				147760041829A7DA00BFE21B /* Release */,
			);
			defaultConfigurationIsVisible = 0;
			defaultConfigurationName = Release;
		};
		147760051829A7DA00BFE21B /* Build configuration list for PBXNativeTarget "UIProject2" */ = {
			isa = XCConfigurationList;
			buildConfigurations = (
				147760061829A7DA00BFE21B /* Debug */,
				147760071829A7DA00BFE21B /* Release */,
			);
			defaultConfigurationIsVisible = 0;
		};
		147760081829A7DA00BFE21B /* Build configuration list for PBXNativeTarget "UIProject2Tests" */ = {
			isa = XCConfigurationList;
			buildConfigurations = (
				147760091829A7DA00BFE21B /* Debug */,
				1477600A1829A7DA00BFE21B /* Release */,
			);
			defaultConfigurationIsVisible = 0;
		};
/* End XCConfigurationList section */
	};
	rootObject = 14775FCB1829A7DA00BFE21B /* Project object */;
}
